
Microsoft Visual Studio Solution File, Format Version 12.00
Project("{FAE04EC0-301F-11D3-BF4B-00C04F79EFBC}") = "Klass", "Klass\Klass.csproj", "{3A4769B3-4E2F-46B8-8EE5-1B1B01B5C906}"
EndProject
Global
	GlobalSection(SolutionConfigurationPlatforms) = preSolution
		Debug|Any CPU = Debug|Any CPU
		Release|Any CPU = Release|Any CPU
	EndGlobalSection
	GlobalSection(ProjectConfigurationPlatforms) = postSolution
		{3A4769B3-4E2F-46B8-8EE5-1B1B01B5C906}.Debug|Any CPU.ActiveCfg = Debug|Any CPU
		{3A4769B3-4E2F-46B8-8EE5-1B1B01B5C906}.Debug|Any CPU.Build.0 = Debug|Any CPU
		{3A4769B3-4E2F-46B8-8EE5-1B1B01B5C906}.Release|Any CPU.ActiveCfg = Release|Any CPU
		{3A4769B3-4E2F-46B8-8EE5-1B1B01B5C906}.Release|Any CPU.Build.0 = Release|Any CPU
	EndGlobalSection
EndGlobal
